// !$*UTF8*$!
{
	archiveVersion = 1;
	classes = {
	};
	objectVersion = 55;
	objects = {

/* Begin PBXBuildFile section */
		5F5F920528D1B0E1001C08A3 /* SceneDelegate.swift in Sources */ = {isa = PBXBuildFile; fileRef = 5F5F920428D1B0E1001C08A3 /* SceneDelegate.swift */; };
		5F5F920B28D1B25B001C08A3 /* App.xcframework in Frameworks */ = {isa = PBXBuildFile; fileRef = 5F5F920728D1B231001C08A3 /* App.xcframework */; };
		5F5F920C28D1B25B001C08A3 /* App.xcframework in Embed Frameworks */ = {isa = PBXBuildFile; fileRef = 5F5F920728D1B231001C08A3 /* App.xcframework */; settings = {ATTRIBUTES = (CodeSignOnCopy, RemoveHeadersOnCopy, ); }; };
		5F5F920D28D1B25C001C08A3 /* Flutter.xcframework in Frameworks */ = {isa = PBXBuildFile; fileRef = 5F5F920828D1B231001C08A3 /* Flutter.xcframework */; };
		5F5F920E28D1B25C001C08A3 /* Flutter.xcframework in Embed Frameworks */ = {isa = PBXBuildFile; fileRef = 5F5F920828D1B231001C08A3 /* Flutter.xcframework */; settings = {ATTRIBUTES = (CodeSignOnCopy, RemoveHeadersOnCopy, ); }; };
		5F87BC7228CF15A700971AFE /* AppDelegate.swift in Sources */ = {isa = PBXBuildFile; fileRef = 5F87BC7128CF15A700971AFE /* AppDelegate.swift */; };
		5F87BC7628CF15A700971AFE /* ViewController.swift in Sources */ = {isa = PBXBuildFile; fileRef = 5F87BC7528CF15A700971AFE /* ViewController.swift */; };
		5F87BC7928CF15A700971AFE /* Main.storyboard in Resources */ = {isa = PBXBuildFile; fileRef = 5F87BC7728CF15A700971AFE /* Main.storyboard */; };
		5F87BC7B28CF15AA00971AFE /* Assets.xcassets in Resources */ = {isa = PBXBuildFile; fileRef = 5F87BC7A28CF15AA00971AFE /* Assets.xcassets */; };
		5F87BC7E28CF15AA00971AFE /* LaunchScreen.storyboard in Resources */ = {isa = PBXBuildFile; fileRef = 5F87BC7C28CF15AA00971AFE /* LaunchScreen.storyboard */; };
/* End PBXBuildFile section */

/* Begin PBXCopyFilesBuildPhase section */
		5F87BC9628D05D4000971AFE /* Embed Frameworks */ = {
			isa = PBXCopyFilesBuildPhase;
			buildActionMask = 2147483647;
			dstPath = "";
			dstSubfolderSpec = 10;
			files = (
				5F5F920E28D1B25C001C08A3 /* Flutter.xcframework in Embed Frameworks */,
				5F5F920C28D1B25B001C08A3 /* App.xcframework in Embed Frameworks */,
			);
			name = "Embed Frameworks";
			runOnlyForDeploymentPostprocessing = 0;
		};
/* End PBXCopyFilesBuildPhase section */

/* Begin PBXFileReference section */
		5F5F920428D1B0E1001C08A3 /* SceneDelegate.swift */ = {isa = PBXFileReference; fileEncoding = 4; lastKnownFileType = sourcecode.swift; path = SceneDelegate.swift; sourceTree = "<group>"; };
		5F5F920728D1B231001C08A3 /* App.xcframework */ = {isa = PBXFileReference; lastKnownFileType = wrapper.xcframework; path = App.xcframework; sourceTree = "<group>"; };
		5F5F920828D1B231001C08A3 /* Flutter.xcframework */ = {isa = PBXFileReference; lastKnownFileType = wrapper.xcframework; path = Flutter.xcframework; sourceTree = "<group>"; };
		5F87BC6E28CF15A700971AFE /* FlutterToiOSNativeAppEx.app */ = {isa = PBXFileReference; explicitFileType = wrapper.application; includeInIndex = 0; path = FlutterToiOSNativeAppEx.app; sourceTree = BUILT_PRODUCTS_DIR; };
		5F87BC7128CF15A700971AFE /* AppDelegate.swift */ = {isa = PBXFileReference; lastKnownFileType = sourcecode.swift; path = AppDelegate.swift; sourceTree = "<group>"; };
		5F87BC7528CF15A700971AFE /* ViewController.swift */ = {isa = PBXFileReference; lastKnownFileType = sourcecode.swift; path = ViewController.swift; sourceTree = "<group>"; };
		5F87BC7828CF15A700971AFE /* Base */ = {isa = PBXFileReference; lastKnownFileType = file.storyboard; name = Base; path = Base.lproj/Main.storyboard; sourceTree = "<group>"; };
		5F87BC7A28CF15AA00971AFE /* Assets.xcassets */ = {isa = PBXFileReference; lastKnownFileType = folder.assetcatalog; path = Assets.xcassets; sourceTree = "<group>"; };
		5F87BC7D28CF15AA00971AFE /* Base */ = {isa = PBXFileReference; lastKnownFileType = file.storyboard; name = Base; path = Base.lproj/LaunchScreen.storyboard; sourceTree = "<group>"; };
		5F87BC7F28CF15AA00971AFE /* Info.plist */ = {isa = PBXFileReference; lastKnownFileType = text.plist.xml; path = Info.plist; sourceTree = "<group>"; };
/* End PBXFileReference section */

/* Begin PBXFrameworksBuildPhase section */
		5F87BC6B28CF15A700971AFE /* Frameworks */ = {
			isa = PBXFrameworksBuildPhase;
			buildActionMask = 2147483647;
			files = (
				5F5F920D28D1B25C001C08A3 /* Flutter.xcframework in Frameworks */,
				5F5F920B28D1B25B001C08A3 /* App.xcframework in Frameworks */,
			);
			runOnlyForDeploymentPostprocessing = 0;
		};
/* End PBXFrameworksBuildPhase section */

/* Begin PBXGroup section */
		5F5F920628D1B231001C08A3 /* Debug */ = {
			isa = PBXGroup;
			children = (
				5F5F920728D1B231001C08A3 /* App.xcframework */,
				5F5F920828D1B231001C08A3 /* Flutter.xcframework */,
			);
			path = Debug;
			sourceTree = "<group>";
		};
		5F87BC6528CF15A700971AFE = {
			isa = PBXGroup;
			children = (
				5F5F920628D1B231001C08A3 /* Debug */,
				5F87BC7028CF15A700971AFE /* FlutterToiOSNativeAppEx */,
				5F87BC6F28CF15A700971AFE /* Products */,
			);
			sourceTree = "<group>";
		};
		5F87BC6F28CF15A700971AFE /* Products */ = {
			isa = PBXGroup;
			children = (
				5F87BC6E28CF15A700971AFE /* FlutterToiOSNativeAppEx.app */,
			);
			name = Products;
			sourceTree = "<group>";
		};
		5F87BC7028CF15A700971AFE /* FlutterToiOSNativeAppEx */ = {
			isa = PBXGroup;
			children = (
				5F87BC7128CF15A700971AFE /* AppDelegate.swift */,
				5F5F920428D1B0E1001C08A3 /* SceneDelegate.swift */,
				5F87BC7528CF15A700971AFE /* ViewController.swift */,
				5F87BC7728CF15A700971AFE /* Main.storyboard */,
				5F87BC7A28CF15AA00971AFE /* Assets.xcassets */,
				5F87BC7C28CF15AA00971AFE /* LaunchScreen.storyboard */,
				5F87BC7F28CF15AA00971AFE /* Info.plist */,
			);
			path = FlutterToiOSNativeAppEx;
			sourceTree = "<group>";
		};
/* End PBXGroup section */

/* Begin PBXNativeTarget section */
		5F87BC6D28CF15A700971AFE /* FlutterToiOSNativeAppEx */ = {
			isa = PBXNativeTarget;
			buildConfigurationList = 5F87BC8228CF15AA00971AFE /* Build configuration list for PBXNativeTarget "FlutterToiOSNativeAppEx" */;
			buildPhases = (
				5F87BC6A28CF15A700971AFE /* Sources */,
				5F87BC6B28CF15A700971AFE /* Frameworks */,
				5F87BC6C28CF15A700971AFE /* Resources */,
				5F87BC9628D05D4000971AFE /* Embed Frameworks */,
			);
			buildRules = (
			);
			dependencies = (
			);
			name = FlutterToiOSNativeAppEx;
			productName = FlutterToiOSNativeAppEx;
			productReference = 5F87BC6E28CF15A700971AFE /* FlutterToiOSNativeAppEx.app */;
			productType = "com.apple.product-type.application";
		};
/* End PBXNativeTarget section */

/* Begin PBXProject section */
		5F87BC6628CF15A700971AFE /* Project object */ = {
			isa = PBXProject;
			attributes = {
				BuildIndependentTargetsInParallel = 1;
				LastSwiftUpdateCheck = 1340;
				LastUpgradeCheck = 1340;
				TargetAttributes = {
					5F87BC6D28CF15A700971AFE = {
						CreatedOnToolsVersion = 13.4.1;
					};
				};
			};
			buildConfigurationList = 5F87BC6928CF15A700971AFE /* Build configuration list for PBXProject "FlutterToiOSNativeAppEx" */;
			compatibilityVersion = "Xcode 13.0";
			developmentRegion = en;
			hasScannedForEncodings = 0;
			knownRegions = (
				en,
				Base,
			);
			mainGroup = 5F87BC6528CF15A700971AFE;
			productRefGroup = 5F87BC6F28CF15A700971AFE /* Products */;
			projectDirPath = "";
			projectRoot = "";
			targets = (
				5F87BC6D28CF15A700971AFE /* FlutterToiOSNativeAppEx */,
			);
		};
/* End PBXProject section */

/* Begin PBXResourcesBuildPhase section */
		5F87BC6C28CF15A700971AFE /* Resources */ = {
			isa = PBXResourcesBuildPhase;
			buildActionMask = 2147483647;
			files = (
				5F87BC7E28CF15AA00971AFE /* LaunchScreen.storyboard in Resources */,
				5F87BC7B28CF15AA00971AFE /* Assets.xcassets in Resources */,
				5F87BC7928CF15A700971AFE /* Main.storyboard in Resources */,
			);
			runOnlyForDeploymentPostprocessing = 0;
		};
/* End PBXResourcesBuildPhase section */

/* Begin PBXSourcesBuildPhase section */
		5F87BC6A28CF15A700971AFE /* Sources */ = {
			isa = PBXSourcesBuildPhase;
			buildActionMask = 2147483647;
			files = (
				5F87BC7628CF15A700971AFE /* ViewController.swift in Sources */,
				5F87BC7228CF15A700971AFE /* AppDelegate.swift in Sources */,
				5F5F920528D1B0E1001C08A3 /* SceneDelegate.swift in Sources */,
			);
			runOnlyForDeploymentPostprocessing = 0;
		};
/* End PBXSourcesBuildPhase section */

/* Begin PBXVariantGroup section */
		5F87BC7728CF15A700971AFE /* Main.storyboard */ = {
			isa = PBXVariantGroup;
			children = (
				5F87BC7828CF15A700971AFE /* Base */,
			);
			name = Main.storyboard;
			sourceTree = "<group>";
		};
		5F87BC7C28CF15AA00971AFE /* LaunchScreen.storyboard */ = {
			isa = PBXVariantGroup;
			children = (
				5F87BC7D28CF15AA00971AFE /* Base */,
			);
			name = LaunchScreen.storyboard;
			sourceTree = "<group>";
		};
/* End PBXVariantGroup section */

/* Begin XCBuildConfiguration section */
		5F87BC8028CF15AA00971AFE /* Debug */ = {
			isa = XCBuildConfiguration;
			buildSettings = {
				ALWAYS_SEARCH_USER_PATHS = NO;
				CLANG_ANALYZER_NONNULL = YES;
				CLANG_ANALYZER_NUMBER_OBJECT_CONVERSION = YES_AGGRESSIVE;
				CLANG_CXX_LANGUAGE_STANDARD = "gnu++17";
				CLANG_ENABLE_MODULES = YES;
				CLANG_ENABLE_OBJC_ARC = YES;
				CLANG_ENABLE_OBJC_WEAK = YES;
				CLANG_WARN_BLOCK_CAPTURE_AUTORELEASING = YES;
				CLANG_WARN_BOOL_CONVERSION = YES;
				CLANG_WARN_COMMA = YES;
				CLANG_WARN_CONSTANT_CONVERSION = YES;
				CLANG_WARN_DEPRECATED_OBJC_IMPLEMENTATIONS = YES;
				CLANG_WARN_DIRECT_OBJC_ISA_USAGE = YES_ERROR;
				CLANG_WARN_DOCUMENTATION_COMMENTS = YES;
				CLANG_WARN_EMPTY_BODY = YES;
				CLANG_WARN_ENUM_CONVERSION = YES;
				CLANG_WARN_INFINITE_RECURSION = YES;
				CLANG_WARN_INT_CONVERSION = YES;
				CLANG_WARN_NON_LITERAL_NULL_CONVERSION = YES;
				CLANG_WARN_OBJC_IMPLICIT_RETAIN_SELF = YES;
				CLANG_WARN_OBJC_LITERAL_CONVERSION = YES;
				CLANG_WARN_OBJC_ROOT_CLASS = YES_ERROR;
				CLANG_WARN_QUOTED_INCLUDE_IN_FRAMEWORK_HEADER = YES;
				CLANG_WARN_RANGE_LOOP_ANALYSIS = YES;
				CLANG_WARN_STRICT_PROTOTYPES = YES;
				CLANG_WARN_SUSPICIOUS_MOVE = YES;
				CLANG_WARN_UNGUARDED_AVAILABILITY = YES_AGGRESSIVE;
				CLANG_WARN_UNREACHABLE_CODE = YES;
				CLANG_WARN__DUPLICATE_METHOD_MATCH = YES;
				COPY_PHASE_STRIP = NO;
				DEBUG_INFORMATION_FORMAT = dwarf;
				ENABLE_STRICT_OBJC_MSGSEND = YES;
				ENABLE_TESTABILITY = YES;
				GCC_C_LANGUAGE_STANDARD = gnu11;
				GCC_DYNAMIC_NO_PIC = NO;
				GCC_NO_COMMON_BLOCKS = YES;
				GCC_OPTIMIZATION_LEVEL = 0;
				GCC_PREPROCESSOR_DEFINITIONS = (
					"DEBUG=1",
					"$(inherited)",
				);
				GCC_WARN_64_TO_32_BIT_CONVERSION = YES;
				GCC_WARN_ABOUT_RETURN_TYPE = YES_ERROR;
				GCC_WARN_UNDECLARED_SELECTOR = YES;
				GCC_WARN_UNINITIALIZED_AUTOS = YES_AGGRESSIVE;
				GCC_WARN_UNUSED_FUNCTION = YES;
				GCC_WARN_UNUSED_VARIABLE = YES;
				IPHONEOS_DEPLOYMENT_TARGET = 15.5;
				MTL_ENABLE_DEBUG_INFO = INCLUDE_SOURCE;
				MTL_FAST_MATH = YES;
				ONLY_ACTIVE_ARCH = YES;
				SDKROOT = iphoneos;
				SWIFT_ACTIVE_COMPILATION_CONDITIONS = DEBUG;
				SWIFT_OPTIMIZATION_LEVEL = "-Onone";
			};
			name = Debug;
		};
		5F87BC8128CF15AA00971AFE /* Release */ = {
			isa = XCBuildConfiguration;
			buildSettings = {
				ALWAYS_SEARCH_USER_PATHS = NO;
				CLANG_ANALYZER_NONNULL = YES;
				CLANG_ANALYZER_NUMBER_OBJECT_CONVERSION = YES_AGGRESSIVE;
				CLANG_CXX_LANGUAGE_STANDARD = "gnu++17";
				CLANG_ENABLE_MODULES = YES;
				CLANG_ENABLE_OBJC_ARC = YES;
				CLANG_ENABLE_OBJC_WEAK = YES;
				CLANG_WARN_BLOCK_CAPTURE_AUTORELEASING = YES;
				CLANG_WARN_BOOL_CONVERSION = YES;
				CLANG_WARN_COMMA = YES;
				CLANG_WARN_CONSTANT_CONVERSION = YES;
				CLANG_WARN_DEPRECATED_OBJC_IMPLEMENTATIONS = YES;
				CLANG_WARN_DIRECT_OBJC_ISA_USAGE = YES_ERROR;
				CLANG_WARN_DOCUMENTATION_COMMENTS = YES;
				CLANG_WARN_EMPTY_BODY = YES;
				CLANG_WARN_ENUM_CONVERSION = YES;
				CLANG_WARN_INFINITE_RECURSION = YES;
				CLANG_WARN_INT_CONVERSION = YES;
				CLANG_WARN_NON_LITERAL_NULL_CONVERSION = YES;
				CLANG_WARN_OBJC_IMPLICIT_RETAIN_SELF = YES;
				CLANG_WARN_OBJC_LITERAL_CONVERSION = YES;
				CLANG_WARN_OBJC_ROOT_CLASS = YES_ERROR;
				CLANG_WARN_QUOTED_INCLUDE_IN_FRAMEWORK_HEADER = YES;
				CLANG_WARN_RANGE_LOOP_ANALYSIS = YES;
				CLANG_WARN_STRICT_PROTOTYPES = YES;
				CLANG_WARN_SUSPICIOUS_MOVE = YES;
				CLANG_WARN_UNGUARDED_AVAILABILITY = YES_AGGRESSIVE;
				CLANG_WARN_UNREACHABLE_CODE = YES;
				CLANG_WARN__DUPLICATE_METHOD_MATCH = YES;
				COPY_PHASE_STRIP = NO;
				DEBUG_INFORMATION_FORMAT = "dwarf-with-dsym";
				ENABLE_NS_ASSERTIONS = NO;
				ENABLE_STRICT_OBJC_MSGSEND = YES;
				GCC_C_LANGUAGE_STANDARD = gnu11;
				GCC_NO_COMMON_BLOCKS = YES;
				GCC_WARN_64_TO_32_BIT_CONVERSION = YES;
				GCC_WARN_ABOUT_RETURN_TYPE = YES_ERROR;
				GCC_WARN_UNDECLARED_SELECTOR = YES;
				GCC_WARN_UNINITIALIZED_AUTOS = YES_AGGRESSIVE;
				GCC_WARN_UNUSED_FUNCTION = YES;
				GCC_WARN_UNUSED_VARIABLE = YES;
				IPHONEOS_DEPLOYMENT_TARGET = 15.5;
				MTL_ENABLE_DEBUG_INFO = NO;
				MTL_FAST_MATH = YES;
				SDKROOT = iphoneos;
				SWIFT_COMPILATION_MODE = wholemodule;
				SWIFT_OPTIMIZATION_LEVEL = "-O";
				VALIDATE_PRODUCT = YES;
			};
			name = Release;
		};
		5F87BC8328CF15AA00971AFE /* Debug */ = {
			isa = XCBuildConfiguration;
			buildSettings = {
				ASSETCATALOG_COMPILER_APPICON_NAME = AppIcon;
				ASSETCATALOG_COMPILER_GLOBAL_ACCENT_COLOR_NAME = AccentColor;
				CODE_SIGN_STYLE = Automatic;
				CURRENT_PROJECT_VERSION = 1;
				DEVELOPMENT_TEAM = N8562Q559W;
				FRAMEWORK_SEARCH_PATHS = "\"$(SRCROOT)/Debug\"";
				GENERATE_INFOPLIST_FILE = YES;
				INFOPLIST_FILE = FlutterToiOSNativeAppEx/Info.plist;
				INFOPLIST_KEY_UIApplicationSupportsIndirectInputEvents = YES;
				INFOPLIST_KEY_UILaunchStoryboardName = LaunchScreen;
				INFOPLIST_KEY_UIMainStoryboardFile = Main;
				INFOPLIST_KEY_UISupportedInterfaceOrientations_iPad = "UIInterfaceOrientationPortrait UIInterfaceOrientationPortraitUpsideDown UIInterfaceOrientationLandscapeLeft UIInterfaceOrientationLandscapeRight";
				INFOPLIST_KEY_UISupportedInterfaceOrientations_iPhone = "UIInterfaceOrientationPortrait UIInterfaceOrientationLandscapeLeft UIInterfaceOrientationLandscapeRight";
				LD_RUNPATH_SEARCH_PATHS = (
					"$(inherited)",
					"@executable_path/Frameworks",
				);
				MARKETING_VERSION = 1.0;
				PRODUCT_BUNDLE_IDENTIFIER = com.example.fluttertoios;
				PRODUCT_NAME = "$(TARGET_NAME)";
				SWIFT_EMIT_LOC_STRINGS = YES;
				SWIFT_VERSION = 5.0;
				TARGETED_DEVICE_FAMILY = "1,2";
			};
			name = Debug;
		};
		5F87BC8428CF15AA00971AFE /* Release */ = {
			isa = XCBuildConfiguration;
			buildSettings = {
				ASSETCATALOG_COMPILER_APPICON_NAME = AppIcon;
				ASSETCATALOG_COMPILER_GLOBAL_ACCENT_COLOR_NAME = AccentColor;
				CODE_SIGN_STYLE = Automatic;
				CURRENT_PROJECT_VERSION = 1;
				DEVELOPMENT_TEAM = N8562Q559W;
				FRAMEWORK_SEARCH_PATHS = "\"$(SRCROOT)/Debug\"";
				GENERATE_INFOPLIST_FILE = YES;
				INFOPLIST_FILE = FlutterToiOSNativeAppEx/Info.plist;
				INFOPLIST_KEY_UIApplicationSupportsIndirectInputEvents = YES;
				INFOPLIST_KEY_UILaunchStoryboardName = LaunchScreen;
				INFOPLIST_KEY_UIMainStoryboardFile = Main;
				INFOPLIST_KEY_UISupportedInterfaceOrientations_iPad = "UIInterfaceOrientationPortrait UIInterfaceOrientationPortraitUpsideDown UIInterfaceOrientationLandscapeLeft UIInterfaceOrientationLandscapeRight";
				INFOPLIST_KEY_UISupportedInterfaceOrientations_iPhone = "UIInterfaceOrientationPortrait UIInterfaceOrientationLandscapeLeft UIInterfaceOrientationLandscapeRight";
				LD_RUNPATH_SEARCH_PATHS = (
					"$(inherited)",
					"@executable_path/Frameworks",
				);
				MARKETING_VERSION = 1.0;
				PRODUCT_BUNDLE_IDENTIFIER = com.example.fluttertoios;
				PRODUCT_NAME = "$(TARGET_NAME)";
				SWIFT_EMIT_LOC_STRINGS = YES;
				SWIFT_VERSION = 5.0;
				TARGETED_DEVICE_FAMILY = "1,2";
			};
			name = Release;
		};
/* End XCBuildConfiguration section */

/* Begin XCConfigurationList section */
		5F87BC6928CF15A700971AFE /* Build configuration list for PBXProject "FlutterToiOSNativeAppEx" */ = {
			isa = XCConfigurationList;
			buildConfigurations = (
				5F87BC8028CF15AA00971AFE /* Debug */,
				5F87BC8128CF15AA00971AFE /* Release */,
			);
			defaultConfigurationIsVisible = 0;
			defaultConfigurationName = Release;
		};
		5F87BC8228CF15AA00971AFE /* Build configuration list for PBXNativeTarget "FlutterToiOSNativeAppEx" */ = {
			isa = XCConfigurationList;
			buildConfigurations = (
				5F87BC8328CF15AA00971AFE /* Debug */,
				5F87BC8428CF15AA00971AFE /* Release */,
			);
			defaultConfigurationIsVisible = 0;
			defaultConfigurationName = Release;
		};
/* End XCConfigurationList section */
	};
	rootObject = 5F87BC6628CF15A700971AFE /* Project object */;
}
